
Microsoft Visual Studio Solution File, Format Version 12.00
# Visual Studio Version 17
VisualStudioVersion = 17.0.31717.71
MinimumVisualStudioVersion = 10.0.40219.1
Project("{FAE04EC0-301F-11D3-BF4B-00C04F79EFBC}") = "lab 4 part 1", "lab 4 part 1\lab 4 part 1.csproj", "{4138B50F-0A97-46F9-A44D-D4030261F917}"
EndProject
Global
	GlobalSection(SolutionConfigurationPlatforms) = preSolution
		Debug|Any CPU = Debug|Any CPU
		Release|Any CPU = Release|Any CPU
	EndGlobalSection
	GlobalSection(ProjectConfigurationPlatforms) = postSolution
		{4138B50F-0A97-46F9-A44D-D4030261F917}.Debug|Any CPU.ActiveCfg = Debug|Any CPU
		{4138B50F-0A97-46F9-A44D-D4030261F917}.Debug|Any CPU.Build.0 = Debug|Any CPU
		{4138B50F-0A97-46F9-A44D-D4030261F917}.Release|Any CPU.ActiveCfg = Release|Any CPU
		{4138B50F-0A97-46F9-A44D-D4030261F917}.Release|Any CPU.Build.0 = Release|Any CPU
	EndGlobalSection
	GlobalSection(SolutionProperties) = preSolution
		HideSolutionNode = FALSE
	EndGlobalSection
	GlobalSection(ExtensibilityGlobals) = postSolution
		SolutionGuid = {87144089-AA86-4F92-AB5F-52654D1E588D}
	EndGlobalSection
EndGlobal
